<Solution>
  <Folder Name="/Services/" />
  <Folder Name="/Services/Flashcard/">
    <Project Path="Services/Flashcard/Flashcard.Api/Flashcard.Api.csproj" />
    <Project Path="Services/Flashcard/Flashcard.Application/Flashcard.Application.csproj" />
    <Project Path="Services/Flashcard/Flashcard.Domain/Flashcard.Domain.csproj" />
    <Project Path="Services/Flashcard/Flashcard.Infrastructure/Flashcard.Infrastructure.csproj" />
  </Folder>
</Solution>
